# @generated - this file is auto-generated by `mise lock` https://mise.jdx.dev/dev-tools/mise-lock.html

[[tools.aws-cli]]
version = "2.36.24"
backend = "aqua:aws/aws-cli"

[tools.aws-cli."platforms.linux-arm64"]
url = "https://awscli.amazonaws.com/awscli-exe-linux-aarch64-2.36.24.zip"

[tools.aws-cli."platforms.linux-arm64-musl"]
url = "https://awscli.amazonaws.com/awscli-exe-linux-aarch64-2.36.24.zip"

[tools.aws-cli."platforms.linux-x64"]
url = "https://awscli.amazonaws.com/awscli-exe-linux-x86_64-2.36.24.zip"

[tools.aws-cli."platforms.linux-x64-baseline"]
url = "https://awscli.amazonaws.com/awscli-exe-linux-x86_64-2.36.24.zip"

[tools.aws-cli."platforms.linux-x64-musl"]
url = "https://awscli.amazonaws.com/awscli-exe-linux-x86_64-2.36.24.zip"

[tools.aws-cli."platforms.linux-x64-musl-baseline"]
url = "https://awscli.amazonaws.com/awscli-exe-linux-x86_64-2.36.24.zip"

[tools.aws-cli."platforms.macos-arm64"]
url = "https://awscli.amazonaws.com/AWSCLIV2-2.36.24.pkg"

[tools.aws-cli."platforms.macos-x64"]
url = "https://awscli.amazonaws.com/AWSCLIV2-2.36.24.pkg"

[tools.aws-cli."platforms.macos-x64-baseline"]
url = "https://awscli.amazonaws.com/AWSCLIV2-2.36.24.pkg"

[[tools.bun]]
version = "1.3.14"
backend = "core:bun"

[tools.bun."platforms.linux-arm64"]
checksum = "sha256:a27ffb63a8310375836e0d6f668ae17fa8d8d18b88c37c821c65331973a19a3b"
url = "https://github.com/oven-sh/bun/releases/download/bun-v1.3.14/bun-linux-aarch64.zip"

[tools.bun."platforms.linux-arm64-musl"]
checksum = "sha256:b98e0ad3625c5c00d1d5b5ff55605c7adddbfae151861e68ade57b2d3b8703bb"
url = "https://github.com/oven-sh/bun/releases/download/bun-v1.3.14/bun-linux-aarch64-musl.zip"

[tools.bun."platforms.linux-x64"]
checksum = "sha256:951ee2aee855f08595aeec6225226a298d3fea83a3dcd6465c09cbccdf7e848f"
url = "https://github.com/oven-sh/bun/releases/download/bun-v1.3.14/bun-linux-x64.zip"

[tools.bun."platforms.linux-x64-baseline"]
checksum = "sha256:a063908ae08b7852ca10939bbdc6ceed3ddabce8fb9402dce83d65d73b36e6c7"
url = "https://github.com/oven-sh/bun/releases/download/bun-v1.3.14/bun-linux-x64-baseline.zip"

[tools.bun."platforms.linux-x64-musl"]
checksum = "sha256:14bd9aedeebf1dba67e8def9531c89bc989ecfdf1de42e5bfcaf1b8cd9294719"
url = "https://github.com/oven-sh/bun/releases/download/bun-v1.3.14/bun-linux-x64-musl.zip"

[tools.bun."platforms.linux-x64-musl-baseline"]
checksum = "sha256:56a7d6806cf155536c0178f0ea5fbd098e684fa509ebdb4fc0a7e19fb65382dc"
url = "https://github.com/oven-sh/bun/releases/download/bun-v1.3.14/bun-linux-x64-musl-baseline.zip"

[tools.bun."platforms.macos-arm64"]
checksum = "sha256:d8b96221828ad6f97ac7ac0ab7e95872341af763001e8803e8267652c2652620"
url = "https://github.com/oven-sh/bun/releases/download/bun-v1.3.14/bun-darwin-aarch64.zip"

[tools.bun."platforms.macos-x64"]
checksum = "sha256:4183df3374623e5bab315c547cfa0974533cd457d86b73b639f7a87974cd6633"
url = "https://github.com/oven-sh/bun/releases/download/bun-v1.3.14/bun-darwin-x64.zip"

[tools.bun."platforms.macos-x64-baseline"]
checksum = "sha256:3e35ad6f53971a9834bf9e6786e2adf72b5f1921cc9a9c5fde073d2972944076"
url = "https://github.com/oven-sh/bun/releases/download/bun-v1.3.14/bun-darwin-x64-baseline.zip"

[tools.bun."platforms.windows-x64"]
checksum = "sha256:0a0620930b6675d7ba440e81f4e0e00d3cfbe096c4b140d3fff02205e9e18922"
url = "https://github.com/oven-sh/bun/releases/download/bun-v1.3.14/bun-windows-x64.zip"

[tools.bun."platforms.windows-x64-baseline"]
checksum = "sha256:538f9c846355d9e847b2671bc00c47da4229a0befb24df3282b739770f3b475f"
url = "https://github.com/oven-sh/bun/releases/download/bun-v1.3.14/bun-windows-x64-baseline.zip"

[[tools.claude]]
version = "2.1.233"
backend = "aqua:anthropics/claude-code"

[tools.claude."platforms.linux-arm64"]
checksum = "sha256:b5ca70610eadee40a82c6fa74f5f873eb70d5fde94bdc67df1c51416eb45e72b"
url = "https://github.com/anthropics/claude-code/releases/download/v2.1.233/claude-linux-arm64.tar.gz"
url_api = "https://api.github.com/repos/anthropics/claude-code/releases/assets/514776713"

[tools.claude."platforms.linux-arm64-musl"]
checksum = "sha256:33a2e2183848677a87553931236cee8e8a4656d03bfd6ad9fbc34df00f3cdf2d"
url = "https://github.com/anthropics/claude-code/releases/download/v2.1.233/claude-linux-arm64-musl.tar.gz"
url_api = "https://api.github.com/repos/anthropics/claude-code/releases/assets/514776715"

[tools.claude."platforms.linux-x64"]
checksum = "sha256:23eec49e0453a3a7b9d933228cb09639fc0bcd962039258d8e4cde72fa5b8741"
url = "https://github.com/anthropics/claude-code/releases/download/v2.1.233/claude-linux-x64.tar.gz"
url_api = "https://api.github.com/repos/anthropics/claude-code/releases/assets/514776844"

[tools.claude."platforms.linux-x64-baseline"]
checksum = "sha256:23eec49e0453a3a7b9d933228cb09639fc0bcd962039258d8e4cde72fa5b8741"
url = "https://github.com/anthropics/claude-code/releases/download/v2.1.233/claude-linux-x64.tar.gz"
url_api = "https://api.github.com/repos/anthropics/claude-code/releases/assets/514776844"

[tools.claude."platforms.linux-x64-musl"]
checksum = "sha256:91b3f3a8d1c011f3bebd2ddff2dfea53ffab7c57cc2400961173e298e90be3eb"
url = "https://github.com/anthropics/claude-code/releases/download/v2.1.233/claude-linux-x64-musl.tar.gz"
url_api = "https://api.github.com/repos/anthropics/claude-code/releases/assets/514776711"

[tools.claude."platforms.linux-x64-musl-baseline"]
checksum = "sha256:91b3f3a8d1c011f3bebd2ddff2dfea53ffab7c57cc2400961173e298e90be3eb"
url = "https://github.com/anthropics/claude-code/releases/download/v2.1.233/claude-linux-x64-musl.tar.gz"
url_api = "https://api.github.com/repos/anthropics/claude-code/releases/assets/514776711"

[tools.claude."platforms.macos-arm64"]
checksum = "sha256:5dce92ccd93173fead018f2a8262189da88c7d6fffbaa666b7a81a6b05f72afe"
url = "https://github.com/anthropics/claude-code/releases/download/v2.1.233/claude-darwin-arm64.tar.gz"
url_api = "https://api.github.com/repos/anthropics/claude-code/releases/assets/514776720"

[tools.claude."platforms.macos-x64"]
checksum = "sha256:84a820ad17e08eaef497dfd8cd282b86b7a59dbedd18f2780aa7e82ef8b9373a"
url = "https://github.com/anthropics/claude-code/releases/download/v2.1.233/claude-darwin-x64.tar.gz"
url_api = "https://api.github.com/repos/anthropics/claude-code/releases/assets/514776716"

[tools.claude."platforms.macos-x64-baseline"]
checksum = "sha256:84a820ad17e08eaef497dfd8cd282b86b7a59dbedd18f2780aa7e82ef8b9373a"
url = "https://github.com/anthropics/claude-code/releases/download/v2.1.233/claude-darwin-x64.tar.gz"
url_api = "https://api.github.com/repos/anthropics/claude-code/releases/assets/514776716"

[tools.claude."platforms.windows-x64"]
checksum = "sha256:f435123fcfc637598a9d70332bc1244a58cb5bc471897e21508ed3e6b8db84ae"
url = "https://github.com/anthropics/claude-code/releases/download/v2.1.233/claude-win32-x64.zip"
url_api = "https://api.github.com/repos/anthropics/claude-code/releases/assets/514776856"

[tools.claude."platforms.windows-x64-baseline"]
checksum = "sha256:f435123fcfc637598a9d70332bc1244a58cb5bc471897e21508ed3e6b8db84ae"
url = "https://github.com/anthropics/claude-code/releases/download/v2.1.233/claude-win32-x64.zip"
url_api = "https://api.github.com/repos/anthropics/claude-code/releases/assets/514776856"

[[tools."github:leohenon/opencode-vim"]]
version = "1.18.4-ocv.4.9"
backend = "github:leohenon/opencode-vim"

[tools."github:leohenon/opencode-vim".options]
matching_regex = "^ocv-"

[tools."github:leohenon/opencode-vim"."platforms.linux-arm64"]
checksum = "sha256:aa26a74065a0d3b005e414c2c5a7ff0026b566b3d5fa3d03eb11c5f626befb1f"
url = "https://github.com/leohenon/opencode-vim/releases/download/v1.18.4-ocv.4.9/ocv-linux-arm64.tar.gz"
url_api = "https://api.github.com/repos/leohenon/opencode-vim/releases/assets/488405426"

[tools."github:leohenon/opencode-vim"."platforms.linux-arm64-musl"]
checksum = "sha256:bfe8dfd6cab2a8655fea38b142255ff0ebbf9539d5de436eb78c12a0056a0607"
url = "https://github.com/leohenon/opencode-vim/releases/download/v1.18.4-ocv.4.9/ocv-linux-arm64-musl.tar.gz"
url_api = "https://api.github.com/repos/leohenon/opencode-vim/releases/assets/488405424"

[tools."github:leohenon/opencode-vim"."platforms.linux-x64"]
checksum = "sha256:3a04f6de059176cadba5616b3f76597c821bc2f515d61235a2842c77b60c92c8"
url = "https://github.com/leohenon/opencode-vim/releases/download/v1.18.4-ocv.4.9/ocv-linux-x64.tar.gz"
url_api = "https://api.github.com/repos/leohenon/opencode-vim/releases/assets/488405550"

[tools."github:leohenon/opencode-vim"."platforms.linux-x64-baseline"]
checksum = "sha256:3a04f6de059176cadba5616b3f76597c821bc2f515d61235a2842c77b60c92c8"
url = "https://github.com/leohenon/opencode-vim/releases/download/v1.18.4-ocv.4.9/ocv-linux-x64.tar.gz"
url_api = "https://api.github.com/repos/leohenon/opencode-vim/releases/assets/488405550"

[tools."github:leohenon/opencode-vim"."platforms.linux-x64-musl"]
checksum = "sha256:5e730ccc297eb756b332f76bfca90bb0deba30e847e614ab6268ec03a35cb403"
url = "https://github.com/leohenon/opencode-vim/releases/download/v1.18.4-ocv.4.9/ocv-linux-x64-musl.tar.gz"
url_api = "https://api.github.com/repos/leohenon/opencode-vim/releases/assets/488405522"

[tools."github:leohenon/opencode-vim"."platforms.linux-x64-musl-baseline"]
checksum = "sha256:5e730ccc297eb756b332f76bfca90bb0deba30e847e614ab6268ec03a35cb403"
url = "https://github.com/leohenon/opencode-vim/releases/download/v1.18.4-ocv.4.9/ocv-linux-x64-musl.tar.gz"
url_api = "https://api.github.com/repos/leohenon/opencode-vim/releases/assets/488405522"

[tools."github:leohenon/opencode-vim"."platforms.macos-arm64"]
checksum = "sha256:e693e2f3f894c9e37e8f57469e7f3b847023380b70fba186fc2f51b34f17445e"
url = "https://github.com/leohenon/opencode-vim/releases/download/v1.18.4-ocv.4.9/ocv-darwin-arm64.zip"
url_api = "https://api.github.com/repos/leohenon/opencode-vim/releases/assets/488405363"

[tools."github:leohenon/opencode-vim"."platforms.macos-x64"]
checksum = "sha256:efff8fd24ebd42e2d9275d5ebd8f5e034ee9a2b77d06e6d9ffc21d6865f341df"
url = "https://github.com/leohenon/opencode-vim/releases/download/v1.18.4-ocv.4.9/ocv-darwin-x64.zip"
url_api = "https://api.github.com/repos/leohenon/opencode-vim/releases/assets/488405393"

[tools."github:leohenon/opencode-vim"."platforms.macos-x64-baseline"]
checksum = "sha256:efff8fd24ebd42e2d9275d5ebd8f5e034ee9a2b77d06e6d9ffc21d6865f341df"
url = "https://github.com/leohenon/opencode-vim/releases/download/v1.18.4-ocv.4.9/ocv-darwin-x64.zip"
url_api = "https://api.github.com/repos/leohenon/opencode-vim/releases/assets/488405393"

[tools."github:leohenon/opencode-vim"."platforms.windows-x64"]
checksum = "sha256:c9942f5c229966a18913cfda65ed34681033618316aa7bdf15ddb8112888201a"
url = "https://github.com/leohenon/opencode-vim/releases/download/v1.18.4-ocv.4.9/ocv-windows-x64.zip"
url_api = "https://api.github.com/repos/leohenon/opencode-vim/releases/assets/488405607"

[tools."github:leohenon/opencode-vim"."platforms.windows-x64-baseline"]
checksum = "sha256:c9942f5c229966a18913cfda65ed34681033618316aa7bdf15ddb8112888201a"
url = "https://github.com/leohenon/opencode-vim/releases/download/v1.18.4-ocv.4.9/ocv-windows-x64.zip"
url_api = "https://api.github.com/repos/leohenon/opencode-vim/releases/assets/488405607"

[[tools.herdr]]
version = "0.8.0"
backend = "aqua:herdrdev/herdr"

[tools.herdr."platforms.linux-arm64"]
checksum = "sha256:f647ac66468d9efbc642fe534fb284468f0aea60641606fc008dfc0d82a3ca87"
url = "https://github.com/herdrdev/herdr/releases/download/v0.8.0/herdr-linux-aarch64"
url_api = "https://api.github.com/repos/herdrdev/herdr/releases/assets/500422627"

[tools.herdr."platforms.linux-arm64-musl"]
checksum = "sha256:f647ac66468d9efbc642fe534fb284468f0aea60641606fc008dfc0d82a3ca87"
url = "https://github.com/herdrdev/herdr/releases/download/v0.8.0/herdr-linux-aarch64"
url_api = "https://api.github.com/repos/herdrdev/herdr/releases/assets/500422627"

[tools.herdr."platforms.linux-x64"]
checksum = "sha256:b872ea7e40fa2cb17e857ac9b62b1bf26db7b403c622f5d2f3f5b35f6e9acd28"
url = "https://github.com/herdrdev/herdr/releases/download/v0.8.0/herdr-linux-x86_64"
url_api = "https://api.github.com/repos/herdrdev/herdr/releases/assets/500422625"

[tools.herdr."platforms.linux-x64-baseline"]
checksum = "sha256:b872ea7e40fa2cb17e857ac9b62b1bf26db7b403c622f5d2f3f5b35f6e9acd28"
url = "https://github.com/herdrdev/herdr/releases/download/v0.8.0/herdr-linux-x86_64"
url_api = "https://api.github.com/repos/herdrdev/herdr/releases/assets/500422625"

[tools.herdr."platforms.linux-x64-musl"]
checksum = "sha256:b872ea7e40fa2cb17e857ac9b62b1bf26db7b403c622f5d2f3f5b35f6e9acd28"
url = "https://github.com/herdrdev/herdr/releases/download/v0.8.0/herdr-linux-x86_64"
url_api = "https://api.github.com/repos/herdrdev/herdr/releases/assets/500422625"

[tools.herdr."platforms.linux-x64-musl-baseline"]
checksum = "sha256:b872ea7e40fa2cb17e857ac9b62b1bf26db7b403c622f5d2f3f5b35f6e9acd28"
url = "https://github.com/herdrdev/herdr/releases/download/v0.8.0/herdr-linux-x86_64"
url_api = "https://api.github.com/repos/herdrdev/herdr/releases/assets/500422625"

[tools.herdr."platforms.macos-arm64"]
checksum = "sha256:d53a9f93fccfdfcc55632927bf51002f5add0aa7990bcdf508ffbd84ac658178"
url = "https://github.com/herdrdev/herdr/releases/download/v0.8.0/herdr-macos-aarch64"
url_api = "https://api.github.com/repos/herdrdev/herdr/releases/assets/500422629"

[tools.herdr."platforms.macos-x64"]
checksum = "sha256:77cb5afd6c8fcaaaf3bc28e474ec01c209331ad08094e20d7f8aa9b0bb78d649"
url = "https://github.com/herdrdev/herdr/releases/download/v0.8.0/herdr-macos-x86_64"
url_api = "https://api.github.com/repos/herdrdev/herdr/releases/assets/500422626"

[tools.herdr."platforms.macos-x64-baseline"]
checksum = "sha256:77cb5afd6c8fcaaaf3bc28e474ec01c209331ad08094e20d7f8aa9b0bb78d649"
url = "https://github.com/herdrdev/herdr/releases/download/v0.8.0/herdr-macos-x86_64"
url_api = "https://api.github.com/repos/herdrdev/herdr/releases/assets/500422626"

[[tools.hunk]]
version = "0.19.0"
backend = "aqua:modem-dev/hunk"

[tools.hunk."platforms.linux-arm64"]
checksum = "sha256:2f5dc255fbf47d594ed31afdec088f02831e442281d55405930163c8e20a5edf"
url = "https://github.com/modem-dev/hunk/releases/download/v0.19.0/hunkdiff-linux-arm64.tar.gz"
url_api = "https://api.github.com/repos/modem-dev/hunk/releases/assets/517164664"

[tools.hunk."platforms.linux-arm64-musl"]
checksum = "sha256:2f5dc255fbf47d594ed31afdec088f02831e442281d55405930163c8e20a5edf"
url = "https://github.com/modem-dev/hunk/releases/download/v0.19.0/hunkdiff-linux-arm64.tar.gz"
url_api = "https://api.github.com/repos/modem-dev/hunk/releases/assets/517164664"

[tools.hunk."platforms.linux-x64"]
checksum = "sha256:d4d942fedc05b8bb5173e2913e545406a5d9412ba0ddb88f8e7f4dcd77fd0602"
url = "https://github.com/modem-dev/hunk/releases/download/v0.19.0/hunkdiff-linux-x64.tar.gz"
url_api = "https://api.github.com/repos/modem-dev/hunk/releases/assets/517164661"

[tools.hunk."platforms.linux-x64-baseline"]
checksum = "sha256:d4d942fedc05b8bb5173e2913e545406a5d9412ba0ddb88f8e7f4dcd77fd0602"
url = "https://github.com/modem-dev/hunk/releases/download/v0.19.0/hunkdiff-linux-x64.tar.gz"
url_api = "https://api.github.com/repos/modem-dev/hunk/releases/assets/517164661"

[tools.hunk."platforms.linux-x64-musl"]
checksum = "sha256:d4d942fedc05b8bb5173e2913e545406a5d9412ba0ddb88f8e7f4dcd77fd0602"
url = "https://github.com/modem-dev/hunk/releases/download/v0.19.0/hunkdiff-linux-x64.tar.gz"
url_api = "https://api.github.com/repos/modem-dev/hunk/releases/assets/517164661"

[tools.hunk."platforms.linux-x64-musl-baseline"]
checksum = "sha256:d4d942fedc05b8bb5173e2913e545406a5d9412ba0ddb88f8e7f4dcd77fd0602"
url = "https://github.com/modem-dev/hunk/releases/download/v0.19.0/hunkdiff-linux-x64.tar.gz"
url_api = "https://api.github.com/repos/modem-dev/hunk/releases/assets/517164661"

[tools.hunk."platforms.macos-arm64"]
checksum = "sha256:7eece6982cb1461c0c22f9d70a41b0fb8094d965ef02dc22f838abc0de71a429"
url = "https://github.com/modem-dev/hunk/releases/download/v0.19.0/hunkdiff-darwin-arm64.tar.gz"
url_api = "https://api.github.com/repos/modem-dev/hunk/releases/assets/517164666"

[tools.hunk."platforms.macos-x64"]
checksum = "sha256:e379460cd0ecccbd0f109b98bdedca129055cfffa000bc68dd8255531616db31"
url = "https://github.com/modem-dev/hunk/releases/download/v0.19.0/hunkdiff-darwin-x64.tar.gz"
url_api = "https://api.github.com/repos/modem-dev/hunk/releases/assets/517164663"

[tools.hunk."platforms.macos-x64-baseline"]
checksum = "sha256:e379460cd0ecccbd0f109b98bdedca129055cfffa000bc68dd8255531616db31"
url = "https://github.com/modem-dev/hunk/releases/download/v0.19.0/hunkdiff-darwin-x64.tar.gz"
url_api = "https://api.github.com/repos/modem-dev/hunk/releases/assets/517164663"

[tools.hunk."platforms.windows-x64"]
checksum = "sha256:cf73aa99a3f0f0529d3157eb829720085f2efc04cfcc17efb69600a006ee87d1"
url = "https://github.com/modem-dev/hunk/releases/download/v0.19.0/hunkdiff-windows-x64.tar.gz"
url_api = "https://api.github.com/repos/modem-dev/hunk/releases/assets/517164662"

[tools.hunk."platforms.windows-x64-baseline"]
checksum = "sha256:cf73aa99a3f0f0529d3157eb829720085f2efc04cfcc17efb69600a006ee87d1"
url = "https://github.com/modem-dev/hunk/releases/download/v0.19.0/hunkdiff-windows-x64.tar.gz"
url_api = "https://api.github.com/repos/modem-dev/hunk/releases/assets/517164662"

[[tools.node]]
version = "22.23.2"
backend = "core:node"

[tools.node."platforms.linux-arm64"]
checksum = "sha256:013b59cfd2819703a6f4a14ab891fc46fc2a4e3f5bcd92de3fb4929b43e35b30"
url = "https://nodejs.org/dist/v22.23.2/node-v22.23.2-linux-arm64.tar.gz"

[tools.node."platforms.linux-arm64-musl"]
checksum = "sha256:b7a1a2b1c7c76e47550f17764676939840e0a64b4d04bdd375a4ac14bccaa8d8"
url = "https://unofficial-builds.nodejs.org/download/release/v22.23.2/node-v22.23.2-linux-arm64-musl.tar.gz"

[tools.node."platforms.linux-x64"]
checksum = "sha256:b294a556e639d64338823920e5866c21c02741742d2e1529ee1a225c1ec9252a"
url = "https://nodejs.org/dist/v22.23.2/node-v22.23.2-linux-x64.tar.gz"

[tools.node."platforms.linux-x64-baseline"]
checksum = "sha256:b294a556e639d64338823920e5866c21c02741742d2e1529ee1a225c1ec9252a"
url = "https://nodejs.org/dist/v22.23.2/node-v22.23.2-linux-x64.tar.gz"

[tools.node."platforms.linux-x64-musl"]
checksum = "sha256:396e11ee609eb2e5cb990f045c4d037aa47b2c247f3cecb01c5c162e33ffa9af"
url = "https://unofficial-builds.nodejs.org/download/release/v22.23.2/node-v22.23.2-linux-x64-musl.tar.gz"

[tools.node."platforms.linux-x64-musl-baseline"]
checksum = "sha256:396e11ee609eb2e5cb990f045c4d037aa47b2c247f3cecb01c5c162e33ffa9af"
url = "https://unofficial-builds.nodejs.org/download/release/v22.23.2/node-v22.23.2-linux-x64-musl.tar.gz"

[tools.node."platforms.macos-arm64"]
checksum = "sha256:61130f394c1630d211dd50aecc4353d379480f36d3ac913cd85dbba1aed585c6"
url = "https://nodejs.org/dist/v22.23.2/node-v22.23.2-darwin-arm64.tar.gz"

[tools.node."platforms.macos-x64"]
checksum = "sha256:58e99022c2ff89395576cc7fd4d98cea24bb68081475d5f88b801ee8729fb026"
url = "https://nodejs.org/dist/v22.23.2/node-v22.23.2-darwin-x64.tar.gz"

[tools.node."platforms.macos-x64-baseline"]
checksum = "sha256:58e99022c2ff89395576cc7fd4d98cea24bb68081475d5f88b801ee8729fb026"
url = "https://nodejs.org/dist/v22.23.2/node-v22.23.2-darwin-x64.tar.gz"

[tools.node."platforms.windows-x64"]
checksum = "sha256:1177b4137ba5adaa56354ae40f1080c7450e8ae09cecb47da459d1c52ac99f97"
url = "https://nodejs.org/dist/v22.23.2/node-v22.23.2-win-x64.zip"

[tools.node."platforms.windows-x64-baseline"]
checksum = "sha256:1177b4137ba5adaa56354ae40f1080c7450e8ae09cecb47da459d1c52ac99f97"
url = "https://nodejs.org/dist/v22.23.2/node-v22.23.2-win-x64.zip"

[[tools."npm:ntn"]]
version = "0.22.4"
backend = "npm:ntn"

[[tools.opencode]]
version = "1.18.18"
backend = "aqua:anomalyco/opencode"

[tools.opencode."platforms.linux-arm64"]
checksum = "sha256:dcb1b5ec5687b43f87749560021f9203f3809e0ce5ae44ff9be8ae17083fe4ba"
url = "https://github.com/anomalyco/opencode/releases/download/v1.18.18/opencode-linux-arm64.tar.gz"
url_api = "https://api.github.com/repos/anomalyco/opencode/releases/assets/512198871"

[tools.opencode."platforms.linux-arm64-musl"]
checksum = "sha256:38a7504dab35007c70d2cdf89870b4be63faa60667318a90338798d34f53eab1"
url = "https://github.com/anomalyco/opencode/releases/download/v1.18.18/opencode-linux-arm64-musl.tar.gz"
url_api = "https://api.github.com/repos/anomalyco/opencode/releases/assets/512198930"

[tools.opencode."platforms.linux-x64"]
checksum = "sha256:0cddc222418b8553669905a8980c0cda7088f00da24d83d6ac76b01c9fdb2aaf"
url = "https://github.com/anomalyco/opencode/releases/download/v1.18.18/opencode-linux-x64.tar.gz"
url_api = "https://api.github.com/repos/anomalyco/opencode/releases/assets/512198862"

[tools.opencode."platforms.linux-x64-baseline"]
checksum = "sha256:0cddc222418b8553669905a8980c0cda7088f00da24d83d6ac76b01c9fdb2aaf"
url = "https://github.com/anomalyco/opencode/releases/download/v1.18.18/opencode-linux-x64.tar.gz"
url_api = "https://api.github.com/repos/anomalyco/opencode/releases/assets/512198862"

[tools.opencode."platforms.linux-x64-musl"]
checksum = "sha256:60279c62d2182aa4279cea4d5a84d23437f8074042cbbed4a2bfa70e5acbd193"
url = "https://github.com/anomalyco/opencode/releases/download/v1.18.18/opencode-linux-x64-musl.tar.gz"
url_api = "https://api.github.com/repos/anomalyco/opencode/releases/assets/512198876"

[tools.opencode."platforms.linux-x64-musl-baseline"]
checksum = "sha256:60279c62d2182aa4279cea4d5a84d23437f8074042cbbed4a2bfa70e5acbd193"
url = "https://github.com/anomalyco/opencode/releases/download/v1.18.18/opencode-linux-x64-musl.tar.gz"
url_api = "https://api.github.com/repos/anomalyco/opencode/releases/assets/512198876"

[tools.opencode."platforms.macos-arm64"]
checksum = "sha256:7d668bf26496fec8686d4e51ebb1ac2bd2e393f0c1620aa696c4c242a9e5806a"
url = "https://github.com/anomalyco/opencode/releases/download/v1.18.18/opencode-darwin-arm64.zip"
url_api = "https://api.github.com/repos/anomalyco/opencode/releases/assets/512198799"

[tools.opencode."platforms.macos-x64"]
checksum = "sha256:9581bd7683a7528456179fb11e3377d9ef568e10a935611a2c6722e349454d83"
url = "https://github.com/anomalyco/opencode/releases/download/v1.18.18/opencode-darwin-x64.zip"
url_api = "https://api.github.com/repos/anomalyco/opencode/releases/assets/512198795"

[tools.opencode."platforms.macos-x64-baseline"]
checksum = "sha256:9581bd7683a7528456179fb11e3377d9ef568e10a935611a2c6722e349454d83"
url = "https://github.com/anomalyco/opencode/releases/download/v1.18.18/opencode-darwin-x64.zip"
url_api = "https://api.github.com/repos/anomalyco/opencode/releases/assets/512198795"

[tools.opencode."platforms.windows-x64"]
checksum = "sha256:c6d265376fdb93164013671b0cf402410184f73c34fc15d82d40a16a745b15f4"
url = "https://github.com/anomalyco/opencode/releases/download/v1.18.18/opencode-windows-x64.zip"
url_api = "https://api.github.com/repos/anomalyco/opencode/releases/assets/512201969"

[tools.opencode."platforms.windows-x64-baseline"]
checksum = "sha256:c6d265376fdb93164013671b0cf402410184f73c34fc15d82d40a16a745b15f4"
url = "https://github.com/anomalyco/opencode/releases/download/v1.18.18/opencode-windows-x64.zip"
url_api = "https://api.github.com/repos/anomalyco/opencode/releases/assets/512201969"

[[tools.rust]]
version = "1.97.1"
backend = "core:rust"

[[tools.turso]]
version = "1.0.32"
backend = "aqua:tursodatabase/turso-cli"

[tools.turso."platforms.linux-arm64"]
checksum = "sha256:672f29e8f77b4c30a5f31c04fe0d5636d29fb1bb5be1137c40234bb2e76c2150"
url = "https://github.com/tursodatabase/turso-cli/releases/download/v1.0.32/turso-cli_Linux_arm64.tar.gz"
url_api = "https://api.github.com/repos/tursodatabase/turso-cli/releases/assets/518489486"

[tools.turso."platforms.linux-arm64-musl"]
checksum = "sha256:672f29e8f77b4c30a5f31c04fe0d5636d29fb1bb5be1137c40234bb2e76c2150"
url = "https://github.com/tursodatabase/turso-cli/releases/download/v1.0.32/turso-cli_Linux_arm64.tar.gz"
url_api = "https://api.github.com/repos/tursodatabase/turso-cli/releases/assets/518489486"

[tools.turso."platforms.linux-x64"]
checksum = "sha256:c35acbcad8e2e7a32580fe380adc4658d3032ddc56d25396b9b123aa4a704107"
url = "https://github.com/tursodatabase/turso-cli/releases/download/v1.0.32/turso-cli_Linux_x86_64.tar.gz"
url_api = "https://api.github.com/repos/tursodatabase/turso-cli/releases/assets/518489481"

[tools.turso."platforms.linux-x64-baseline"]
checksum = "sha256:c35acbcad8e2e7a32580fe380adc4658d3032ddc56d25396b9b123aa4a704107"
url = "https://github.com/tursodatabase/turso-cli/releases/download/v1.0.32/turso-cli_Linux_x86_64.tar.gz"
url_api = "https://api.github.com/repos/tursodatabase/turso-cli/releases/assets/518489481"

[tools.turso."platforms.linux-x64-musl"]
checksum = "sha256:c35acbcad8e2e7a32580fe380adc4658d3032ddc56d25396b9b123aa4a704107"
url = "https://github.com/tursodatabase/turso-cli/releases/download/v1.0.32/turso-cli_Linux_x86_64.tar.gz"
url_api = "https://api.github.com/repos/tursodatabase/turso-cli/releases/assets/518489481"

[tools.turso."platforms.linux-x64-musl-baseline"]
checksum = "sha256:c35acbcad8e2e7a32580fe380adc4658d3032ddc56d25396b9b123aa4a704107"
url = "https://github.com/tursodatabase/turso-cli/releases/download/v1.0.32/turso-cli_Linux_x86_64.tar.gz"
url_api = "https://api.github.com/repos/tursodatabase/turso-cli/releases/assets/518489481"

[tools.turso."platforms.macos-arm64"]
checksum = "sha256:f180b794032f29b4ab44ad7451b2be661cd581311119ff5160359d2562d5f2be"
url = "https://github.com/tursodatabase/turso-cli/releases/download/v1.0.32/turso-cli_Darwin_arm64.tar.gz"
url_api = "https://api.github.com/repos/tursodatabase/turso-cli/releases/assets/518489484"

[tools.turso."platforms.macos-x64"]
checksum = "sha256:d6ba8b73d7cafff8b6a318215f19a6933fe3fca6a74960b7c8ad42758eebbd6e"
url = "https://github.com/tursodatabase/turso-cli/releases/download/v1.0.32/turso-cli_Darwin_x86_64.tar.gz"
url_api = "https://api.github.com/repos/tursodatabase/turso-cli/releases/assets/518489482"

[tools.turso."platforms.macos-x64-baseline"]
checksum = "sha256:d6ba8b73d7cafff8b6a318215f19a6933fe3fca6a74960b7c8ad42758eebbd6e"
url = "https://github.com/tursodatabase/turso-cli/releases/download/v1.0.32/turso-cli_Darwin_x86_64.tar.gz"
url_api = "https://api.github.com/repos/tursodatabase/turso-cli/releases/assets/518489482"

[[tools.typst]]
version = "0.15.1"
backend = "aqua:typst/typst"

[tools.typst."platforms.linux-arm64"]
checksum = "sha256:5aa8d74a3d906e60ea12a66ac2f37f8eef1b14cbad7182a745e393a10c23dcee"
url = "https://github.com/typst/typst/releases/download/v0.15.1/typst-aarch64-unknown-linux-musl.tar.xz"
url_api = "https://api.github.com/repos/typst/typst/releases/assets/480300408"

[tools.typst."platforms.linux-arm64-musl"]
checksum = "sha256:5aa8d74a3d906e60ea12a66ac2f37f8eef1b14cbad7182a745e393a10c23dcee"
url = "https://github.com/typst/typst/releases/download/v0.15.1/typst-aarch64-unknown-linux-musl.tar.xz"
url_api = "https://api.github.com/repos/typst/typst/releases/assets/480300408"

[tools.typst."platforms.linux-x64"]
checksum = "sha256:a6d077d0a95eed5a2eba715b2dae06be954f624ccbf85758a03f389ded33118c"
url = "https://github.com/typst/typst/releases/download/v0.15.1/typst-x86_64-unknown-linux-musl.tar.xz"
url_api = "https://api.github.com/repos/typst/typst/releases/assets/480300761"

[tools.typst."platforms.linux-x64-baseline"]
checksum = "sha256:a6d077d0a95eed5a2eba715b2dae06be954f624ccbf85758a03f389ded33118c"
url = "https://github.com/typst/typst/releases/download/v0.15.1/typst-x86_64-unknown-linux-musl.tar.xz"
url_api = "https://api.github.com/repos/typst/typst/releases/assets/480300761"

[tools.typst."platforms.linux-x64-musl"]
checksum = "sha256:a6d077d0a95eed5a2eba715b2dae06be954f624ccbf85758a03f389ded33118c"
url = "https://github.com/typst/typst/releases/download/v0.15.1/typst-x86_64-unknown-linux-musl.tar.xz"
url_api = "https://api.github.com/repos/typst/typst/releases/assets/480300761"

[tools.typst."platforms.linux-x64-musl-baseline"]
checksum = "sha256:a6d077d0a95eed5a2eba715b2dae06be954f624ccbf85758a03f389ded33118c"
url = "https://github.com/typst/typst/releases/download/v0.15.1/typst-x86_64-unknown-linux-musl.tar.xz"
url_api = "https://api.github.com/repos/typst/typst/releases/assets/480300761"

[tools.typst."platforms.macos-arm64"]
checksum = "sha256:48f62ed034aa3a7978309579ac6ca00045e2ef0da73114e8af27cfd8e74dc05a"
url = "https://github.com/typst/typst/releases/download/v0.15.1/typst-aarch64-apple-darwin.tar.xz"
url_api = "https://api.github.com/repos/typst/typst/releases/assets/480299147"

[tools.typst."platforms.macos-x64"]
checksum = "sha256:7f9fdd9584866245de9a79e0add8f9236fae6f40a8a45e2c4771ccc14db4e0fa"
url = "https://github.com/typst/typst/releases/download/v0.15.1/typst-x86_64-apple-darwin.tar.xz"
url_api = "https://api.github.com/repos/typst/typst/releases/assets/480300018"

[tools.typst."platforms.macos-x64-baseline"]
checksum = "sha256:7f9fdd9584866245de9a79e0add8f9236fae6f40a8a45e2c4771ccc14db4e0fa"
url = "https://github.com/typst/typst/releases/download/v0.15.1/typst-x86_64-apple-darwin.tar.xz"
url_api = "https://api.github.com/repos/typst/typst/releases/assets/480300018"

[tools.typst."platforms.windows-x64"]
checksum = "sha256:19ce3551153c2fe7ee9fa2f95208310c8f4d3209fedb699e0333faf8913f6736"
url = "https://github.com/typst/typst/releases/download/v0.15.1/typst-x86_64-pc-windows-msvc.zip"
url_api = "https://api.github.com/repos/typst/typst/releases/assets/480303335"

[tools.typst."platforms.windows-x64-baseline"]
checksum = "sha256:19ce3551153c2fe7ee9fa2f95208310c8f4d3209fedb699e0333faf8913f6736"
url = "https://github.com/typst/typst/releases/download/v0.15.1/typst-x86_64-pc-windows-msvc.zip"
url_api = "https://api.github.com/repos/typst/typst/releases/assets/480303335"

[[tools."ubi:k1LoW/git-wt"]]
version = "0.29.1"
backend = "ubi:k1LoW/git-wt"

[tools."ubi:k1LoW/git-wt"."platforms.macos-arm64-git-wt"]
checksum = "blake3:45fd4115c9855c5ea9a8f63a959249b04ab1d27a9b4c197ddd884a4b710eb125"

[[tools.vercel]]
version = "59.1.3"
backend = "npm:vercel"

[tools.vercel.options]
allow_builds = '["esbuild"]'
trust_policy_excludes = '["undici"]'

[[tools.yarn]]
version = "4.18.0"
backend = "vfox:mise-plugins/vfox-yarn"

[[tools.zig]]
version = "0.16.0"
backend = "core:zig"

[tools.zig."platforms.linux-arm64"]
checksum = "sha256:ea4b09bfb22ec6f6c6ceac57ab63efb6b46e17ab08d21f69f3a48b38e1534f17"
url = "https://ziglang.org/download/0.16.0/zig-aarch64-linux-0.16.0.tar.xz"

[tools.zig."platforms.linux-arm64-musl"]
checksum = "sha256:ea4b09bfb22ec6f6c6ceac57ab63efb6b46e17ab08d21f69f3a48b38e1534f17"
url = "https://ziglang.org/download/0.16.0/zig-aarch64-linux-0.16.0.tar.xz"

[tools.zig."platforms.linux-x64"]
checksum = "sha256:70e49664a74374b48b51e6f3fdfbf437f6395d42509050588bd49abe52ba3d00"
url = "https://ziglang.org/download/0.16.0/zig-x86_64-linux-0.16.0.tar.xz"

[tools.zig."platforms.linux-x64-baseline"]
checksum = "sha256:70e49664a74374b48b51e6f3fdfbf437f6395d42509050588bd49abe52ba3d00"
url = "https://ziglang.org/download/0.16.0/zig-x86_64-linux-0.16.0.tar.xz"

[tools.zig."platforms.linux-x64-musl"]
checksum = "sha256:70e49664a74374b48b51e6f3fdfbf437f6395d42509050588bd49abe52ba3d00"
url = "https://ziglang.org/download/0.16.0/zig-x86_64-linux-0.16.0.tar.xz"

[tools.zig."platforms.linux-x64-musl-baseline"]
checksum = "sha256:70e49664a74374b48b51e6f3fdfbf437f6395d42509050588bd49abe52ba3d00"
url = "https://ziglang.org/download/0.16.0/zig-x86_64-linux-0.16.0.tar.xz"

[tools.zig."platforms.macos-arm64"]
checksum = "sha256:b23d70deaa879b5c2d486ed3316f7eaa53e84acf6fc9cc747de152450d401489"
url = "https://ziglang.org/download/0.16.0/zig-aarch64-macos-0.16.0.tar.xz"

[tools.zig."platforms.macos-x64"]
checksum = "sha256:0387557ed1877bc6a2e1802c8391953baddba76081876301c522f52977b52ba7"
url = "https://ziglang.org/download/0.16.0/zig-x86_64-macos-0.16.0.tar.xz"

[tools.zig."platforms.macos-x64-baseline"]
checksum = "sha256:0387557ed1877bc6a2e1802c8391953baddba76081876301c522f52977b52ba7"
url = "https://ziglang.org/download/0.16.0/zig-x86_64-macos-0.16.0.tar.xz"

[tools.zig."platforms.windows-x64"]
checksum = "sha256:68659eb5f1e4eb1437a722f1dd889c5a322c9954607f5edcf337bc3684a75a7e"
url = "https://ziglang.org/download/0.16.0/zig-x86_64-windows-0.16.0.zip"

[tools.zig."platforms.windows-x64-baseline"]
checksum = "sha256:68659eb5f1e4eb1437a722f1dd889c5a322c9954607f5edcf337bc3684a75a7e"
url = "https://ziglang.org/download/0.16.0/zig-x86_64-windows-0.16.0.zip"
