# @generated - this file is auto-generated by `mise lock` https://mise.jdx.dev/dev-tools/mise-lock.html

[[tools.aws-cli]]
version = "2.37.6"
backend = "aqua:aws/aws-cli"

[tools.aws-cli."platforms.linux-arm64"]
url = "https://awscli.amazonaws.com/awscli-exe-linux-aarch64-2.37.6.zip"

[tools.aws-cli."platforms.linux-arm64-musl"]
url = "https://awscli.amazonaws.com/awscli-exe-linux-aarch64-2.37.6.zip"

[tools.aws-cli."platforms.linux-x64"]
url = "https://awscli.amazonaws.com/awscli-exe-linux-x86_64-2.37.6.zip"

[tools.aws-cli."platforms.linux-x64-baseline"]
url = "https://awscli.amazonaws.com/awscli-exe-linux-x86_64-2.37.6.zip"

[tools.aws-cli."platforms.linux-x64-musl"]
url = "https://awscli.amazonaws.com/awscli-exe-linux-x86_64-2.37.6.zip"

[tools.aws-cli."platforms.linux-x64-musl-baseline"]
url = "https://awscli.amazonaws.com/awscli-exe-linux-x86_64-2.37.6.zip"

[tools.aws-cli."platforms.macos-arm64"]
checksum = "blake3:d8405d2a5a1a689a4714fb48e4b6b0795efcb092dc9d90781245ec1b690ddce8"
url = "https://awscli.amazonaws.com/AWSCLIV2-2.37.6.pkg"

[tools.aws-cli."platforms.macos-x64"]
url = "https://awscli.amazonaws.com/AWSCLIV2-2.37.6.pkg"

[tools.aws-cli."platforms.macos-x64-baseline"]
url = "https://awscli.amazonaws.com/AWSCLIV2-2.37.6.pkg"

[[tools.bun]]
version = "1.4.2"
backend = "core:bun"

[tools.bun."platforms.linux-arm64"]
checksum = "sha256:54328bbc2d9c8e0c9f892c544d66c57a83b84139e34909e5ee81758f1ac8fda7"
url = "https://github.com/oven-sh/bun/releases/download/bun-v1.4.2/bun-linux-aarch64.zip"

[tools.bun."platforms.linux-arm64-musl"]
checksum = "sha256:71760b6c8ea30623b81a4907cb815d48e2ea266f2e73e751534a44a0607950df"
url = "https://github.com/oven-sh/bun/releases/download/bun-v1.4.2/bun-linux-aarch64-musl.zip"

[tools.bun."platforms.linux-x64"]
checksum = "sha256:36368faef7527875d5ffa52e53cd48021741f2a83eb6208a8dd64068d422a913"
url = "https://github.com/oven-sh/bun/releases/download/bun-v1.4.2/bun-linux-x64.zip"

[tools.bun."platforms.linux-x64-baseline"]
checksum = "sha256:c678040f14fe0440eb839d37cbd0ce4c051a32da72806ac97de6a6aab6bf728f"
url = "https://github.com/oven-sh/bun/releases/download/bun-v1.4.2/bun-linux-x64-baseline.zip"

[tools.bun."platforms.linux-x64-musl"]
checksum = "sha256:4835eca59d6da70f4674f5642f6e459dcadab773695b2ed9922d131057989742"
url = "https://github.com/oven-sh/bun/releases/download/bun-v1.4.2/bun-linux-x64-musl.zip"

[tools.bun."platforms.linux-x64-musl-baseline"]
checksum = "sha256:76e1db84e98f22f78de0a87e309bfbbf297732847f9720db36750646c85c8c18"
url = "https://github.com/oven-sh/bun/releases/download/bun-v1.4.2/bun-linux-x64-musl-baseline.zip"

[tools.bun."platforms.macos-arm64"]
checksum = "sha256:90987a3a16d7db556d886ac3d551e7b6d3edf0a1cf43acaed622e8676be1d12f"
url = "https://github.com/oven-sh/bun/releases/download/bun-v1.4.2/bun-darwin-aarch64.zip"

[tools.bun."platforms.macos-x64"]
checksum = "sha256:80520d7e17526308c9185d261679ac6d27798d3803a0e9f7ff9121ab8affb012"
url = "https://github.com/oven-sh/bun/releases/download/bun-v1.4.2/bun-darwin-x64.zip"

[tools.bun."platforms.macos-x64-baseline"]
checksum = "sha256:bad5bbd6cf14d0980d115f5954c9ff904df619d5e994d2da1ffccd3f316300b0"
url = "https://github.com/oven-sh/bun/releases/download/bun-v1.4.2/bun-darwin-x64-baseline.zip"

[tools.bun."platforms.windows-x64"]
checksum = "sha256:ce4c17497b2f29712a99d3d53f028de28cd42e3bacb8589599e7f000e49b6405"
url = "https://github.com/oven-sh/bun/releases/download/bun-v1.4.2/bun-windows-x64.zip"

[tools.bun."platforms.windows-x64-baseline"]
checksum = "sha256:78c221c2376f79731ccf4e4af0b3bb46d81fefa3296c5abee09ad8a1b21e68c6"
url = "https://github.com/oven-sh/bun/releases/download/bun-v1.4.2/bun-windows-x64-baseline.zip"

[[tools.claude]]
version = "2.1.285"
backend = "aqua:anthropics/claude-code"

[tools.claude."platforms.linux-arm64"]
checksum = "sha256:39bd977cb57144ba41ad165e4cca540e9b4b58199df79dd96fa7002be7086923"
url = "https://github.com/anthropics/claude-code/releases/download/v2.1.285/claude-linux-arm64.tar.gz"
url_api = "https://api.github.com/repos/anthropics/claude-code/releases/assets/598796735"

[tools.claude."platforms.linux-arm64-musl"]
checksum = "sha256:80bf3d397325d770f7d0b64a73ba92a1af85981f17b64be7b264648dbf4310ae"
url = "https://github.com/anthropics/claude-code/releases/download/v2.1.285/claude-linux-arm64-musl.tar.gz"
url_api = "https://api.github.com/repos/anthropics/claude-code/releases/assets/598796732"

[tools.claude."platforms.linux-x64"]
checksum = "sha256:0cde844749a50c0f717a2b123d5771629d5c9a270c9203c81ac120a716444b36"
url = "https://github.com/anthropics/claude-code/releases/download/v2.1.285/claude-linux-x64.tar.gz"
url_api = "https://api.github.com/repos/anthropics/claude-code/releases/assets/598796905"

[tools.claude."platforms.linux-x64-baseline"]
checksum = "sha256:0cde844749a50c0f717a2b123d5771629d5c9a270c9203c81ac120a716444b36"
url = "https://github.com/anthropics/claude-code/releases/download/v2.1.285/claude-linux-x64.tar.gz"
url_api = "https://api.github.com/repos/anthropics/claude-code/releases/assets/598796905"

[tools.claude."platforms.linux-x64-musl"]
checksum = "sha256:bf3633c8800377b67074dc200f6f45079644e34e416eb5735c2cd96b8cf8f4c6"
url = "https://github.com/anthropics/claude-code/releases/download/v2.1.285/claude-linux-x64-musl.tar.gz"
url_api = "https://api.github.com/repos/anthropics/claude-code/releases/assets/598796736"

[tools.claude."platforms.linux-x64-musl-baseline"]
checksum = "sha256:bf3633c8800377b67074dc200f6f45079644e34e416eb5735c2cd96b8cf8f4c6"
url = "https://github.com/anthropics/claude-code/releases/download/v2.1.285/claude-linux-x64-musl.tar.gz"
url_api = "https://api.github.com/repos/anthropics/claude-code/releases/assets/598796736"

[tools.claude."platforms.macos-arm64"]
checksum = "sha256:3b1c9984a63193c7758b66c8769781428139935200c38e6462339cf4da463d78"
url = "https://github.com/anthropics/claude-code/releases/download/v2.1.285/claude-darwin-arm64.tar.gz"
url_api = "https://api.github.com/repos/anthropics/claude-code/releases/assets/598796737"

[tools.claude."platforms.macos-x64"]
checksum = "sha256:8cab1b4d2b6f3aeb4f4f5ed99f6fb4a51ef6198f4d8deffe6c4a835c4bdb5c09"
url = "https://github.com/anthropics/claude-code/releases/download/v2.1.285/claude-darwin-x64.tar.gz"
url_api = "https://api.github.com/repos/anthropics/claude-code/releases/assets/598796734"

[tools.claude."platforms.macos-x64-baseline"]
checksum = "sha256:8cab1b4d2b6f3aeb4f4f5ed99f6fb4a51ef6198f4d8deffe6c4a835c4bdb5c09"
url = "https://github.com/anthropics/claude-code/releases/download/v2.1.285/claude-darwin-x64.tar.gz"
url_api = "https://api.github.com/repos/anthropics/claude-code/releases/assets/598796734"

[tools.claude."platforms.windows-x64"]
checksum = "sha256:f2763c6b50f479cda3748d38af6fa7a5512b592d72dd24631bc99d307e5f343f"
url = "https://github.com/anthropics/claude-code/releases/download/v2.1.285/claude-win32-x64.zip"
url_api = "https://api.github.com/repos/anthropics/claude-code/releases/assets/598796929"

[tools.claude."platforms.windows-x64-baseline"]
checksum = "sha256:f2763c6b50f479cda3748d38af6fa7a5512b592d72dd24631bc99d307e5f343f"
url = "https://github.com/anthropics/claude-code/releases/download/v2.1.285/claude-win32-x64.zip"
url_api = "https://api.github.com/repos/anthropics/claude-code/releases/assets/598796929"

[[tools."github:k1LoW/git-wt"]]
version = "0.29.3"
backend = "github:k1LoW/git-wt"

[tools."github:k1LoW/git-wt"."platforms.linux-arm64"]
checksum = "sha256:d8e3574eae3c06c84472d1133951f7f41d460a8fd9fd93efd3d6d867fed5a59d"
url = "https://github.com/k1LoW/git-wt/releases/download/v0.29.3/git-wt_v0.29.3_linux_arm64.tar.gz"
url_api = "https://api.github.com/repos/k1LoW/git-wt/releases/assets/556251188"
provenance = "github-attestations"

[tools."github:k1LoW/git-wt"."platforms.linux-arm64-musl"]
checksum = "sha256:d8e3574eae3c06c84472d1133951f7f41d460a8fd9fd93efd3d6d867fed5a59d"
url = "https://github.com/k1LoW/git-wt/releases/download/v0.29.3/git-wt_v0.29.3_linux_arm64.tar.gz"
url_api = "https://api.github.com/repos/k1LoW/git-wt/releases/assets/556251188"
provenance = "github-attestations"

[tools."github:k1LoW/git-wt"."platforms.linux-x64"]
checksum = "sha256:8fc67b34e92bf61fd509ee777df8d8d53442aa3c0d908e7fccffb972aad5a9eb"
url = "https://github.com/k1LoW/git-wt/releases/download/v0.29.3/git-wt_v0.29.3_linux_amd64.tar.gz"
url_api = "https://api.github.com/repos/k1LoW/git-wt/releases/assets/556251189"
provenance = "github-attestations"

[tools."github:k1LoW/git-wt"."platforms.linux-x64-baseline"]
checksum = "sha256:8fc67b34e92bf61fd509ee777df8d8d53442aa3c0d908e7fccffb972aad5a9eb"
url = "https://github.com/k1LoW/git-wt/releases/download/v0.29.3/git-wt_v0.29.3_linux_amd64.tar.gz"
url_api = "https://api.github.com/repos/k1LoW/git-wt/releases/assets/556251189"
provenance = "github-attestations"

[tools."github:k1LoW/git-wt"."platforms.linux-x64-musl"]
checksum = "sha256:8fc67b34e92bf61fd509ee777df8d8d53442aa3c0d908e7fccffb972aad5a9eb"
url = "https://github.com/k1LoW/git-wt/releases/download/v0.29.3/git-wt_v0.29.3_linux_amd64.tar.gz"
url_api = "https://api.github.com/repos/k1LoW/git-wt/releases/assets/556251189"
provenance = "github-attestations"

[tools."github:k1LoW/git-wt"."platforms.linux-x64-musl-baseline"]
checksum = "sha256:8fc67b34e92bf61fd509ee777df8d8d53442aa3c0d908e7fccffb972aad5a9eb"
url = "https://github.com/k1LoW/git-wt/releases/download/v0.29.3/git-wt_v0.29.3_linux_amd64.tar.gz"
url_api = "https://api.github.com/repos/k1LoW/git-wt/releases/assets/556251189"
provenance = "github-attestations"

[tools."github:k1LoW/git-wt"."platforms.macos-arm64"]
checksum = "sha256:51381cc5651e186e92d215549380ca3a626b6dd57b54e5283b47aa854a031dcb"
url = "https://github.com/k1LoW/git-wt/releases/download/v0.29.3/git-wt_v0.29.3_darwin_arm64.zip"
url_api = "https://api.github.com/repos/k1LoW/git-wt/releases/assets/556251216"
provenance = "github-attestations"
provenance_verified = true

[tools."github:k1LoW/git-wt"."platforms.macos-x64"]
checksum = "sha256:c13cd2108a30e77d3fc1e0e328457b8f7bdf340c1e569374d80c324bbb311cdb"
url = "https://github.com/k1LoW/git-wt/releases/download/v0.29.3/git-wt_v0.29.3_darwin_amd64.zip"
url_api = "https://api.github.com/repos/k1LoW/git-wt/releases/assets/556251190"
provenance = "github-attestations"

[tools."github:k1LoW/git-wt"."platforms.macos-x64-baseline"]
checksum = "sha256:c13cd2108a30e77d3fc1e0e328457b8f7bdf340c1e569374d80c324bbb311cdb"
url = "https://github.com/k1LoW/git-wt/releases/download/v0.29.3/git-wt_v0.29.3_darwin_amd64.zip"
url_api = "https://api.github.com/repos/k1LoW/git-wt/releases/assets/556251190"
provenance = "github-attestations"

[tools."github:k1LoW/git-wt"."platforms.windows-x64"]
checksum = "sha256:a0816f65cbaf50bb38f9c5f009400e2cf5aa861784c931f9a3024a98054b4720"
url = "https://github.com/k1LoW/git-wt/releases/download/v0.29.3/git-wt_v0.29.3_windows_amd64.tar.gz"
url_api = "https://api.github.com/repos/k1LoW/git-wt/releases/assets/556251217"
provenance = "github-attestations"

[tools."github:k1LoW/git-wt"."platforms.windows-x64-baseline"]
checksum = "sha256:a0816f65cbaf50bb38f9c5f009400e2cf5aa861784c931f9a3024a98054b4720"
url = "https://github.com/k1LoW/git-wt/releases/download/v0.29.3/git-wt_v0.29.3_windows_amd64.tar.gz"
url_api = "https://api.github.com/repos/k1LoW/git-wt/releases/assets/556251217"
provenance = "github-attestations"

[[tools.go]]
version = "1.27.1"
backend = "core:go"

[tools.go."platforms.linux-arm64"]
checksum = "sha256:3450b45a3f9ee8568792736a5c5e70a1f2e9b36c35a8f74958c03e51d7d92bec"
url = "https://dl.google.com/go/go1.27.1.linux-arm64.tar.gz"

[tools.go."platforms.linux-arm64-musl"]
checksum = "sha256:3450b45a3f9ee8568792736a5c5e70a1f2e9b36c35a8f74958c03e51d7d92bec"
url = "https://dl.google.com/go/go1.27.1.linux-arm64.tar.gz"

[tools.go."platforms.linux-x64"]
checksum = "sha256:63d339f0da5ab53635a56f2490a7984dfe12dfcff22ad749f63edaf590168445"
url = "https://dl.google.com/go/go1.27.1.linux-amd64.tar.gz"

[tools.go."platforms.linux-x64-baseline"]
checksum = "sha256:63d339f0da5ab53635a56f2490a7984dfe12dfcff22ad749f63edaf590168445"
url = "https://dl.google.com/go/go1.27.1.linux-amd64.tar.gz"

[tools.go."platforms.linux-x64-musl"]
checksum = "sha256:63d339f0da5ab53635a56f2490a7984dfe12dfcff22ad749f63edaf590168445"
url = "https://dl.google.com/go/go1.27.1.linux-amd64.tar.gz"

[tools.go."platforms.linux-x64-musl-baseline"]
checksum = "sha256:63d339f0da5ab53635a56f2490a7984dfe12dfcff22ad749f63edaf590168445"
url = "https://dl.google.com/go/go1.27.1.linux-amd64.tar.gz"

[tools.go."platforms.macos-arm64"]
checksum = "sha256:ee215d57e0ec269c60cc9ceca68e6bda321ba9ee5afe24f4b0988703c2d87d12"
url = "https://dl.google.com/go/go1.27.1.darwin-arm64.tar.gz"

[tools.go."platforms.macos-x64"]
checksum = "sha256:8f8f52c6649542cf027bbc9b9c68d1ec042f9f34808a40413f0b8b3f66f3caa4"
url = "https://dl.google.com/go/go1.27.1.darwin-amd64.tar.gz"

[tools.go."platforms.macos-x64-baseline"]
checksum = "sha256:8f8f52c6649542cf027bbc9b9c68d1ec042f9f34808a40413f0b8b3f66f3caa4"
url = "https://dl.google.com/go/go1.27.1.darwin-amd64.tar.gz"

[tools.go."platforms.windows-x64"]
checksum = "sha256:a3911b5e0e1b1053f25ed0675f4c1c6aad1e2bfcf253df2b9be4caabd2edd95d"
url = "https://dl.google.com/go/go1.27.1.windows-amd64.zip"

[tools.go."platforms.windows-x64-baseline"]
checksum = "sha256:a3911b5e0e1b1053f25ed0675f4c1c6aad1e2bfcf253df2b9be4caabd2edd95d"
url = "https://dl.google.com/go/go1.27.1.windows-amd64.zip"

[[tools.golangci-lint]]
version = "2.14.0"
backend = "aqua:golangci/golangci-lint"

[tools.golangci-lint."platforms.linux-arm64"]
checksum = "sha256:ee7ec5f3453d15ddf106fae5a4d6c71737712348a979d1fe9cd52ec7ea299bae"
url = "https://github.com/golangci/golangci-lint/releases/download/v2.14.0/golangci-lint-2.14.0-linux-arm64.tar.gz"
url_api = "https://api.github.com/repos/golangci/golangci-lint/releases/assets/585813674"
provenance = "github-attestations"

[tools.golangci-lint."platforms.linux-arm64-musl"]
checksum = "sha256:ee7ec5f3453d15ddf106fae5a4d6c71737712348a979d1fe9cd52ec7ea299bae"
url = "https://github.com/golangci/golangci-lint/releases/download/v2.14.0/golangci-lint-2.14.0-linux-arm64.tar.gz"
url_api = "https://api.github.com/repos/golangci/golangci-lint/releases/assets/585813674"
provenance = "github-attestations"

[tools.golangci-lint."platforms.linux-x64"]
checksum = "sha256:ab90aeb7b066f92a33415b638a50fe5344bbb75a0d32ad30cc248d88f81032ab"
url = "https://github.com/golangci/golangci-lint/releases/download/v2.14.0/golangci-lint-2.14.0-linux-amd64.tar.gz"
url_api = "https://api.github.com/repos/golangci/golangci-lint/releases/assets/585813815"
provenance = "github-attestations"

[tools.golangci-lint."platforms.linux-x64-baseline"]
checksum = "sha256:ab90aeb7b066f92a33415b638a50fe5344bbb75a0d32ad30cc248d88f81032ab"
url = "https://github.com/golangci/golangci-lint/releases/download/v2.14.0/golangci-lint-2.14.0-linux-amd64.tar.gz"
url_api = "https://api.github.com/repos/golangci/golangci-lint/releases/assets/585813815"
provenance = "github-attestations"

[tools.golangci-lint."platforms.linux-x64-musl"]
checksum = "sha256:ab90aeb7b066f92a33415b638a50fe5344bbb75a0d32ad30cc248d88f81032ab"
url = "https://github.com/golangci/golangci-lint/releases/download/v2.14.0/golangci-lint-2.14.0-linux-amd64.tar.gz"
url_api = "https://api.github.com/repos/golangci/golangci-lint/releases/assets/585813815"
provenance = "github-attestations"

[tools.golangci-lint."platforms.linux-x64-musl-baseline"]
checksum = "sha256:ab90aeb7b066f92a33415b638a50fe5344bbb75a0d32ad30cc248d88f81032ab"
url = "https://github.com/golangci/golangci-lint/releases/download/v2.14.0/golangci-lint-2.14.0-linux-amd64.tar.gz"
url_api = "https://api.github.com/repos/golangci/golangci-lint/releases/assets/585813815"
provenance = "github-attestations"

[tools.golangci-lint."platforms.macos-arm64"]
checksum = "sha256:5ef5f36a7147e91dc58ef9ef4d11bb7bad5ead0c76eb6c01327a73c641d1dcc3"
url = "https://github.com/golangci/golangci-lint/releases/download/v2.14.0/golangci-lint-2.14.0-darwin-arm64.tar.gz"
url_api = "https://api.github.com/repos/golangci/golangci-lint/releases/assets/585813591"
provenance = "github-attestations"

[tools.golangci-lint."platforms.macos-x64"]
checksum = "sha256:a5667c1c3536be1740133213e1e822bfb8f0d98ea12903174d6d5f635e4ed68d"
url = "https://github.com/golangci/golangci-lint/releases/download/v2.14.0/golangci-lint-2.14.0-darwin-amd64.tar.gz"
url_api = "https://api.github.com/repos/golangci/golangci-lint/releases/assets/585813755"
provenance = "github-attestations"

[tools.golangci-lint."platforms.macos-x64-baseline"]
checksum = "sha256:a5667c1c3536be1740133213e1e822bfb8f0d98ea12903174d6d5f635e4ed68d"
url = "https://github.com/golangci/golangci-lint/releases/download/v2.14.0/golangci-lint-2.14.0-darwin-amd64.tar.gz"
url_api = "https://api.github.com/repos/golangci/golangci-lint/releases/assets/585813755"
provenance = "github-attestations"

[tools.golangci-lint."platforms.windows-x64"]
checksum = "sha256:b15f903d1649283a2ab6e8d2f0c317eaf1f9f6b3763950e7e8b7e72a43dd724f"
url = "https://github.com/golangci/golangci-lint/releases/download/v2.14.0/golangci-lint-2.14.0-windows-amd64.zip"
url_api = "https://api.github.com/repos/golangci/golangci-lint/releases/assets/585813793"
provenance = "github-attestations"

[tools.golangci-lint."platforms.windows-x64-baseline"]
checksum = "sha256:b15f903d1649283a2ab6e8d2f0c317eaf1f9f6b3763950e7e8b7e72a43dd724f"
url = "https://github.com/golangci/golangci-lint/releases/download/v2.14.0/golangci-lint-2.14.0-windows-amd64.zip"
url_api = "https://api.github.com/repos/golangci/golangci-lint/releases/assets/585813793"
provenance = "github-attestations"

[[tools.herdr]]
version = "0.9.3"
backend = "aqua:herdrdev/herdr"

[tools.herdr."platforms.linux-arm64"]
checksum = "sha256:4de7aa3e25678812e92960de64f7c2aaa1bca1f0f80a3c5e559837e231e1f5c0"
url = "https://github.com/herdrdev/herdr/releases/download/v0.9.3/herdr-linux-aarch64"
url_api = "https://api.github.com/repos/herdrdev/herdr/releases/assets/599036386"

[tools.herdr."platforms.linux-arm64-musl"]
checksum = "sha256:4de7aa3e25678812e92960de64f7c2aaa1bca1f0f80a3c5e559837e231e1f5c0"
url = "https://github.com/herdrdev/herdr/releases/download/v0.9.3/herdr-linux-aarch64"
url_api = "https://api.github.com/repos/herdrdev/herdr/releases/assets/599036386"

[tools.herdr."platforms.linux-x64"]
checksum = "sha256:18a8dc65f1c2fa485884344356dea1cfd911c6f06cf46fa78e193f4087f4dba7"
url = "https://github.com/herdrdev/herdr/releases/download/v0.9.3/herdr-linux-x86_64"
url_api = "https://api.github.com/repos/herdrdev/herdr/releases/assets/599036383"

[tools.herdr."platforms.linux-x64-baseline"]
checksum = "sha256:18a8dc65f1c2fa485884344356dea1cfd911c6f06cf46fa78e193f4087f4dba7"
url = "https://github.com/herdrdev/herdr/releases/download/v0.9.3/herdr-linux-x86_64"
url_api = "https://api.github.com/repos/herdrdev/herdr/releases/assets/599036383"

[tools.herdr."platforms.linux-x64-musl"]
checksum = "sha256:18a8dc65f1c2fa485884344356dea1cfd911c6f06cf46fa78e193f4087f4dba7"
url = "https://github.com/herdrdev/herdr/releases/download/v0.9.3/herdr-linux-x86_64"
url_api = "https://api.github.com/repos/herdrdev/herdr/releases/assets/599036383"

[tools.herdr."platforms.linux-x64-musl-baseline"]
checksum = "sha256:18a8dc65f1c2fa485884344356dea1cfd911c6f06cf46fa78e193f4087f4dba7"
url = "https://github.com/herdrdev/herdr/releases/download/v0.9.3/herdr-linux-x86_64"
url_api = "https://api.github.com/repos/herdrdev/herdr/releases/assets/599036383"

[tools.herdr."platforms.macos-arm64"]
checksum = "sha256:5173a3e0ae42d5d1ab7ebfa5d5e6329f7c3d23f8e1a3677c7ce3231da2884157"
url = "https://github.com/herdrdev/herdr/releases/download/v0.9.3/herdr-macos-aarch64"
url_api = "https://api.github.com/repos/herdrdev/herdr/releases/assets/599036381"

[tools.herdr."platforms.macos-x64"]
checksum = "sha256:db62d548ff3e832b087a96b1894a08d26be3905f1830309cd556783f215d4054"
url = "https://github.com/herdrdev/herdr/releases/download/v0.9.3/herdr-macos-x86_64"
url_api = "https://api.github.com/repos/herdrdev/herdr/releases/assets/599036385"

[tools.herdr."platforms.macos-x64-baseline"]
checksum = "sha256:db62d548ff3e832b087a96b1894a08d26be3905f1830309cd556783f215d4054"
url = "https://github.com/herdrdev/herdr/releases/download/v0.9.3/herdr-macos-x86_64"
url_api = "https://api.github.com/repos/herdrdev/herdr/releases/assets/599036385"

[tools.herdr."platforms.windows-x64"]
checksum = "sha256:c75b1fa49f7a3ba4b8b11789912a6147e4214a3b6fd3556d0f80076c8887d795"
url = "https://github.com/herdrdev/herdr/releases/download/v0.9.3/herdr-windows-x86_64.zip"
url_api = "https://api.github.com/repos/herdrdev/herdr/releases/assets/599036387"

[tools.herdr."platforms.windows-x64-baseline"]
checksum = "sha256:c75b1fa49f7a3ba4b8b11789912a6147e4214a3b6fd3556d0f80076c8887d795"
url = "https://github.com/herdrdev/herdr/releases/download/v0.9.3/herdr-windows-x86_64.zip"
url_api = "https://api.github.com/repos/herdrdev/herdr/releases/assets/599036387"

[[tools.node]]
version = "22.23.3"
backend = "core:node"

[tools.node."platforms.linux-arm64"]
checksum = "sha256:5ced2d48d1d7198739b7f86804de0171aefb6823b684b12341d3321afc3cb0b2"
url = "https://nodejs.org/dist/v22.23.3/node-v22.23.3-linux-arm64.tar.gz"

[tools.node."platforms.linux-arm64-musl"]
checksum = "sha256:8cec03a498d883739d1dc9b924fda2f86944705b54ac707bf48a637483774c70"
url = "https://unofficial-builds.nodejs.org/download/release/v22.23.3/node-v22.23.3-linux-arm64-musl.tar.gz"

[tools.node."platforms.linux-x64"]
checksum = "sha256:1084aa36196bba4c3a5e69a1ee388a6e4ff729dad09445fbcd434b28fe3c24af"
url = "https://nodejs.org/dist/v22.23.3/node-v22.23.3-linux-x64.tar.gz"

[tools.node."platforms.linux-x64-baseline"]
checksum = "sha256:1084aa36196bba4c3a5e69a1ee388a6e4ff729dad09445fbcd434b28fe3c24af"
url = "https://nodejs.org/dist/v22.23.3/node-v22.23.3-linux-x64.tar.gz"

[tools.node."platforms.linux-x64-musl"]
checksum = "sha256:5ea46894fc06e09363846d8ed65a822bd00bea35d974e41320272a48af309e3a"
url = "https://unofficial-builds.nodejs.org/download/release/v22.23.3/node-v22.23.3-linux-x64-musl.tar.gz"

[tools.node."platforms.linux-x64-musl-baseline"]
checksum = "sha256:5ea46894fc06e09363846d8ed65a822bd00bea35d974e41320272a48af309e3a"
url = "https://unofficial-builds.nodejs.org/download/release/v22.23.3/node-v22.23.3-linux-x64-musl.tar.gz"

[tools.node."platforms.macos-arm64"]
checksum = "sha256:23b25245dcfb9af7262f8ff142e9e2e0af025368117329e7a7458a51e5922f53"
url = "https://nodejs.org/dist/v22.23.3/node-v22.23.3-darwin-arm64.tar.gz"

[tools.node."platforms.macos-x64"]
checksum = "sha256:8a677b0219178efd6eb0e475457c4afb452b521a92f6e67845a73bd85727f2a8"
url = "https://nodejs.org/dist/v22.23.3/node-v22.23.3-darwin-x64.tar.gz"

[tools.node."platforms.macos-x64-baseline"]
checksum = "sha256:8a677b0219178efd6eb0e475457c4afb452b521a92f6e67845a73bd85727f2a8"
url = "https://nodejs.org/dist/v22.23.3/node-v22.23.3-darwin-x64.tar.gz"

[tools.node."platforms.windows-x64"]
checksum = "sha256:2b0ff57b049cda1bbcea2240eec20467018713c1efe1f7360c2681859b90ed71"
url = "https://nodejs.org/dist/v22.23.3/node-v22.23.3-win-x64.zip"

[tools.node."platforms.windows-x64-baseline"]
checksum = "sha256:2b0ff57b049cda1bbcea2240eec20467018713c1efe1f7360c2681859b90ed71"
url = "https://nodejs.org/dist/v22.23.3/node-v22.23.3-win-x64.zip"

[[tools."npm:ntn"]]
version = "0.23.13"
backend = "npm:ntn"

[[tools.opencode]]
version = "1.18.33"
backend = "aqua:anomalyco/opencode"

[tools.opencode."platforms.linux-arm64"]
checksum = "sha256:c63486624621924bf43be5c01abd252885661a734814224f6d70188a33aea858"
url = "https://github.com/anomalyco/opencode/releases/download/v1.18.33/opencode-linux-arm64.tar.gz"
url_api = "https://api.github.com/repos/anomalyco/opencode/releases/assets/594449121"

[tools.opencode."platforms.linux-arm64-musl"]
checksum = "sha256:916e4ca40cdd43025b7741a6c60cd1141b8622a8531e2eebdffcfd3e41f56907"
url = "https://github.com/anomalyco/opencode/releases/download/v1.18.33/opencode-linux-arm64-musl.tar.gz"
url_api = "https://api.github.com/repos/anomalyco/opencode/releases/assets/594449118"

[tools.opencode."platforms.linux-x64"]
checksum = "sha256:e546123213ae47909a4268692aa4b94950d011afe9cac9938753a2194f1c16d5"
url = "https://github.com/anomalyco/opencode/releases/download/v1.18.33/opencode-linux-x64.tar.gz"
url_api = "https://api.github.com/repos/anomalyco/opencode/releases/assets/594449176"

[tools.opencode."platforms.linux-x64-baseline"]
checksum = "sha256:e546123213ae47909a4268692aa4b94950d011afe9cac9938753a2194f1c16d5"
url = "https://github.com/anomalyco/opencode/releases/download/v1.18.33/opencode-linux-x64.tar.gz"
url_api = "https://api.github.com/repos/anomalyco/opencode/releases/assets/594449176"

[tools.opencode."platforms.linux-x64-musl"]
checksum = "sha256:56636216a0b6595339ffdd5e2c885e6ea68a854f880720120e8cfa71172042c2"
url = "https://github.com/anomalyco/opencode/releases/download/v1.18.33/opencode-linux-x64-musl.tar.gz"
url_api = "https://api.github.com/repos/anomalyco/opencode/releases/assets/594449134"

[tools.opencode."platforms.linux-x64-musl-baseline"]
checksum = "sha256:56636216a0b6595339ffdd5e2c885e6ea68a854f880720120e8cfa71172042c2"
url = "https://github.com/anomalyco/opencode/releases/download/v1.18.33/opencode-linux-x64-musl.tar.gz"
url_api = "https://api.github.com/repos/anomalyco/opencode/releases/assets/594449134"

[tools.opencode."platforms.macos-arm64"]
checksum = "sha256:24b12873e605b3db3387cb355f43ba7451cd6065c180d8c188663337d2eeb553"
url = "https://github.com/anomalyco/opencode/releases/download/v1.18.33/opencode-darwin-arm64.zip"
url_api = "https://api.github.com/repos/anomalyco/opencode/releases/assets/594449070"

[tools.opencode."platforms.macos-x64"]
checksum = "sha256:90c7e7d9ffa0d8691ca0f15b42a7b89b72e17a4d26074b9ef06559ff87b221ec"
url = "https://github.com/anomalyco/opencode/releases/download/v1.18.33/opencode-darwin-x64.zip"
url_api = "https://api.github.com/repos/anomalyco/opencode/releases/assets/594449065"

[tools.opencode."platforms.macos-x64-baseline"]
checksum = "sha256:90c7e7d9ffa0d8691ca0f15b42a7b89b72e17a4d26074b9ef06559ff87b221ec"
url = "https://github.com/anomalyco/opencode/releases/download/v1.18.33/opencode-darwin-x64.zip"
url_api = "https://api.github.com/repos/anomalyco/opencode/releases/assets/594449065"

[tools.opencode."platforms.windows-x64"]
checksum = "sha256:cc827fda2e32502373c5de25a4b78471766b99881d12a441ae5b9fcff39c5780"
url = "https://github.com/anomalyco/opencode/releases/download/v1.18.33/opencode-windows-x64.zip"
url_api = "https://api.github.com/repos/anomalyco/opencode/releases/assets/594453549"

[tools.opencode."platforms.windows-x64-baseline"]
checksum = "sha256:cc827fda2e32502373c5de25a4b78471766b99881d12a441ae5b9fcff39c5780"
url = "https://github.com/anomalyco/opencode/releases/download/v1.18.33/opencode-windows-x64.zip"
url_api = "https://api.github.com/repos/anomalyco/opencode/releases/assets/594453549"

[[tools.python]]
version = "3.14.7"
backend = "core:python"

[tools.python."platforms.linux-arm64"]
checksum = "sha256:8a0798baa8a2c27b5751d590aced543eaa85e20b3f73d93c1af049688acdc9c5"
url = "https://github.com/astral-sh/python-build-standalone/releases/download/20260901/cpython-3.14.7+20260901-aarch64-unknown-linux-gnu-install_only_stripped.tar.gz"
provenance = "github-attestations"

[tools.python."platforms.linux-arm64-musl"]
checksum = "sha256:701c31d72187242302922a29f3bc6023ceb68b6b68fb8d4ed7568d1e6ef34548"
url = "https://github.com/astral-sh/python-build-standalone/releases/download/20260901/cpython-3.14.7+20260901-aarch64-unknown-linux-musl-install_only_stripped.tar.gz"
provenance = "github-attestations"

[tools.python."platforms.linux-x64"]
checksum = "sha256:3959f92825141e04adf44982d3a83ee57af0877e893b0796e04c1468749d9b04"
url = "https://github.com/astral-sh/python-build-standalone/releases/download/20260901/cpython-3.14.7+20260901-x86_64-unknown-linux-gnu-install_only_stripped.tar.gz"
provenance = "github-attestations"

[tools.python."platforms.linux-x64-baseline"]
checksum = "sha256:3959f92825141e04adf44982d3a83ee57af0877e893b0796e04c1468749d9b04"
url = "https://github.com/astral-sh/python-build-standalone/releases/download/20260901/cpython-3.14.7+20260901-x86_64-unknown-linux-gnu-install_only_stripped.tar.gz"
provenance = "github-attestations"

[tools.python."platforms.linux-x64-musl"]
checksum = "sha256:c773f8a7357c0d1a29e208a14bc16386731ca9c0d2e51f1b6741967fb0632cdc"
url = "https://github.com/astral-sh/python-build-standalone/releases/download/20260901/cpython-3.14.7+20260901-x86_64-unknown-linux-musl-install_only_stripped.tar.gz"
provenance = "github-attestations"

[tools.python."platforms.linux-x64-musl-baseline"]
checksum = "sha256:c773f8a7357c0d1a29e208a14bc16386731ca9c0d2e51f1b6741967fb0632cdc"
url = "https://github.com/astral-sh/python-build-standalone/releases/download/20260901/cpython-3.14.7+20260901-x86_64-unknown-linux-musl-install_only_stripped.tar.gz"
provenance = "github-attestations"

[tools.python."platforms.macos-arm64"]
checksum = "blake3:47b8171b7c2411047a7f481aa807e2d74580752c14f055f8d52f9d4b1d1e3fe7"
url = "https://github.com/astral-sh/python-build-standalone/releases/download/20260901/cpython-3.14.7+20260901-aarch64-apple-darwin-install_only_stripped.tar.gz"
provenance = "github-attestations"

[tools.python."platforms.macos-x64"]
checksum = "sha256:7e151a7c9028855b61a7d6e78381f2020a1ef185281399f3b1aafc5e1c9a1a64"
url = "https://github.com/astral-sh/python-build-standalone/releases/download/20260901/cpython-3.14.7+20260901-x86_64-apple-darwin-install_only_stripped.tar.gz"
provenance = "github-attestations"

[tools.python."platforms.macos-x64-baseline"]
checksum = "sha256:7e151a7c9028855b61a7d6e78381f2020a1ef185281399f3b1aafc5e1c9a1a64"
url = "https://github.com/astral-sh/python-build-standalone/releases/download/20260901/cpython-3.14.7+20260901-x86_64-apple-darwin-install_only_stripped.tar.gz"
provenance = "github-attestations"

[tools.python."platforms.windows-x64"]
checksum = "sha256:ca3c33ca924dfcab3b74205a7a58a88b0255135c53f95497b26b5e60700fd66d"
url = "https://github.com/astral-sh/python-build-standalone/releases/download/20260901/cpython-3.14.7+20260901-x86_64-pc-windows-msvc-install_only_stripped.tar.gz"
provenance = "github-attestations"

[tools.python."platforms.windows-x64-baseline"]
checksum = "sha256:ca3c33ca924dfcab3b74205a7a58a88b0255135c53f95497b26b5e60700fd66d"
url = "https://github.com/astral-sh/python-build-standalone/releases/download/20260901/cpython-3.14.7+20260901-x86_64-pc-windows-msvc-install_only_stripped.tar.gz"
provenance = "github-attestations"

[[tools.rust]]
version = "1.98.1"
backend = "core:rust"

[[tools.stylua]]
version = "2.5.2"
backend = "aqua:JohnnyMorganz/StyLua"

[tools.stylua."platforms.linux-arm64"]
checksum = "sha256:0ef2ebf0b7e5a652b65c4cb96c6d9ffb3981a98547de3c764465bbf54a8d761a"
url = "https://github.com/JohnnyMorganz/StyLua/releases/download/v2.5.2/stylua-linux-aarch64.zip"
url_api = "https://api.github.com/repos/JohnnyMorganz/StyLua/releases/assets/421900973"

[tools.stylua."platforms.linux-arm64-musl"]
checksum = "sha256:b948df6b4bae41af9a70948174372f96a3c14d44e3e017288701539f3db8fb75"
url = "https://github.com/JohnnyMorganz/StyLua/releases/download/v2.5.2/stylua-linux-aarch64-musl.zip"
url_api = "https://api.github.com/repos/JohnnyMorganz/StyLua/releases/assets/421900982"

[tools.stylua."platforms.linux-x64"]
checksum = "sha256:ca6f1cf52eaf69e6632b81acef9c197aa24b85eb30d2455a35e7dbe28ae77c72"
url = "https://github.com/JohnnyMorganz/StyLua/releases/download/v2.5.2/stylua-linux-x86_64-musl.zip"
url_api = "https://api.github.com/repos/JohnnyMorganz/StyLua/releases/assets/421901066"

[tools.stylua."platforms.linux-x64-baseline"]
checksum = "sha256:ca6f1cf52eaf69e6632b81acef9c197aa24b85eb30d2455a35e7dbe28ae77c72"
url = "https://github.com/JohnnyMorganz/StyLua/releases/download/v2.5.2/stylua-linux-x86_64-musl.zip"
url_api = "https://api.github.com/repos/JohnnyMorganz/StyLua/releases/assets/421901066"

[tools.stylua."platforms.linux-x64-musl"]
checksum = "sha256:ca6f1cf52eaf69e6632b81acef9c197aa24b85eb30d2455a35e7dbe28ae77c72"
url = "https://github.com/JohnnyMorganz/StyLua/releases/download/v2.5.2/stylua-linux-x86_64-musl.zip"
url_api = "https://api.github.com/repos/JohnnyMorganz/StyLua/releases/assets/421901066"

[tools.stylua."platforms.linux-x64-musl-baseline"]
checksum = "sha256:ca6f1cf52eaf69e6632b81acef9c197aa24b85eb30d2455a35e7dbe28ae77c72"
url = "https://github.com/JohnnyMorganz/StyLua/releases/download/v2.5.2/stylua-linux-x86_64-musl.zip"
url_api = "https://api.github.com/repos/JohnnyMorganz/StyLua/releases/assets/421901066"

[tools.stylua."platforms.macos-arm64"]
checksum = "sha256:92ff0889e16324801bc072692974bb67f8161e62010fc90f96c62a17f81f32c7"
url = "https://github.com/JohnnyMorganz/StyLua/releases/download/v2.5.2/stylua-macos-aarch64.zip"
url_api = "https://api.github.com/repos/JohnnyMorganz/StyLua/releases/assets/421901102"

[tools.stylua."platforms.macos-x64"]
checksum = "sha256:53c50a1605d0a6345d160a1a5a21db40bcf2bf9cd23c17f7c277a63a1bff3a7f"
url = "https://github.com/JohnnyMorganz/StyLua/releases/download/v2.5.2/stylua-macos-x86_64.zip"
url_api = "https://api.github.com/repos/JohnnyMorganz/StyLua/releases/assets/421901085"

[tools.stylua."platforms.macos-x64-baseline"]
checksum = "sha256:53c50a1605d0a6345d160a1a5a21db40bcf2bf9cd23c17f7c277a63a1bff3a7f"
url = "https://github.com/JohnnyMorganz/StyLua/releases/download/v2.5.2/stylua-macos-x86_64.zip"
url_api = "https://api.github.com/repos/JohnnyMorganz/StyLua/releases/assets/421901085"

[tools.stylua."platforms.windows-x64"]
checksum = "sha256:e77d0ea1226b8b389b43f702240091249a96eea25857281f90ea24d0eb9eb969"
url = "https://github.com/JohnnyMorganz/StyLua/releases/download/v2.5.2/stylua-windows-x86_64.zip"
url_api = "https://api.github.com/repos/JohnnyMorganz/StyLua/releases/assets/421902292"

[tools.stylua."platforms.windows-x64-baseline"]
checksum = "sha256:e77d0ea1226b8b389b43f702240091249a96eea25857281f90ea24d0eb9eb969"
url = "https://github.com/JohnnyMorganz/StyLua/releases/download/v2.5.2/stylua-windows-x86_64.zip"
url_api = "https://api.github.com/repos/JohnnyMorganz/StyLua/releases/assets/421902292"

[[tools.turso]]
version = "1.0.33"
backend = "aqua:tursodatabase/turso-cli"

[tools.turso."platforms.linux-arm64"]
checksum = "sha256:0113b4c666f861c0b7961e2c842fb5cfb77583081e147a9e9578fde4f71e27f0"
url = "https://github.com/tursodatabase/turso-cli/releases/download/v1.0.33/turso-cli_Linux_arm64.tar.gz"
url_api = "https://api.github.com/repos/tursodatabase/turso-cli/releases/assets/599188499"

[tools.turso."platforms.linux-arm64-musl"]
checksum = "sha256:0113b4c666f861c0b7961e2c842fb5cfb77583081e147a9e9578fde4f71e27f0"
url = "https://github.com/tursodatabase/turso-cli/releases/download/v1.0.33/turso-cli_Linux_arm64.tar.gz"
url_api = "https://api.github.com/repos/tursodatabase/turso-cli/releases/assets/599188499"

[tools.turso."platforms.linux-x64"]
checksum = "sha256:f3595d4af3385e691f68152ae24b1ffa3768413fa007c3cccfb3681937f52502"
url = "https://github.com/tursodatabase/turso-cli/releases/download/v1.0.33/turso-cli_Linux_x86_64.tar.gz"
url_api = "https://api.github.com/repos/tursodatabase/turso-cli/releases/assets/599188501"

[tools.turso."platforms.linux-x64-baseline"]
checksum = "sha256:f3595d4af3385e691f68152ae24b1ffa3768413fa007c3cccfb3681937f52502"
url = "https://github.com/tursodatabase/turso-cli/releases/download/v1.0.33/turso-cli_Linux_x86_64.tar.gz"
url_api = "https://api.github.com/repos/tursodatabase/turso-cli/releases/assets/599188501"

[tools.turso."platforms.linux-x64-musl"]
checksum = "sha256:f3595d4af3385e691f68152ae24b1ffa3768413fa007c3cccfb3681937f52502"
url = "https://github.com/tursodatabase/turso-cli/releases/download/v1.0.33/turso-cli_Linux_x86_64.tar.gz"
url_api = "https://api.github.com/repos/tursodatabase/turso-cli/releases/assets/599188501"

[tools.turso."platforms.linux-x64-musl-baseline"]
checksum = "sha256:f3595d4af3385e691f68152ae24b1ffa3768413fa007c3cccfb3681937f52502"
url = "https://github.com/tursodatabase/turso-cli/releases/download/v1.0.33/turso-cli_Linux_x86_64.tar.gz"
url_api = "https://api.github.com/repos/tursodatabase/turso-cli/releases/assets/599188501"

[tools.turso."platforms.macos-arm64"]
checksum = "sha256:5a53a336c8ac636575e9f269bfdf8975a4d1a18350e34c0c13005a2417360d7f"
url = "https://github.com/tursodatabase/turso-cli/releases/download/v1.0.33/turso-cli_Darwin_arm64.tar.gz"
url_api = "https://api.github.com/repos/tursodatabase/turso-cli/releases/assets/599188496"

[tools.turso."platforms.macos-x64"]
checksum = "sha256:f6c86743b222ea949de5de8ae645ec2cb4d27264d523de23d8620c27c8218954"
url = "https://github.com/tursodatabase/turso-cli/releases/download/v1.0.33/turso-cli_Darwin_x86_64.tar.gz"
url_api = "https://api.github.com/repos/tursodatabase/turso-cli/releases/assets/599188498"

[tools.turso."platforms.macos-x64-baseline"]
checksum = "sha256:f6c86743b222ea949de5de8ae645ec2cb4d27264d523de23d8620c27c8218954"
url = "https://github.com/tursodatabase/turso-cli/releases/download/v1.0.33/turso-cli_Darwin_x86_64.tar.gz"
url_api = "https://api.github.com/repos/tursodatabase/turso-cli/releases/assets/599188498"

[[tools.typst]]
version = "0.15.1"
backend = "aqua:typst/typst"

[tools.typst."platforms.linux-arm64"]
checksum = "sha256:5aa8d74a3d906e60ea12a66ac2f37f8eef1b14cbad7182a745e393a10c23dcee"
url = "https://github.com/typst/typst/releases/download/v0.15.1/typst-aarch64-unknown-linux-musl.tar.xz"
url_api = "https://api.github.com/repos/typst/typst/releases/assets/480300408"

[tools.typst."platforms.linux-arm64-musl"]
checksum = "sha256:5aa8d74a3d906e60ea12a66ac2f37f8eef1b14cbad7182a745e393a10c23dcee"
url = "https://github.com/typst/typst/releases/download/v0.15.1/typst-aarch64-unknown-linux-musl.tar.xz"
url_api = "https://api.github.com/repos/typst/typst/releases/assets/480300408"

[tools.typst."platforms.linux-x64"]
checksum = "sha256:a6d077d0a95eed5a2eba715b2dae06be954f624ccbf85758a03f389ded33118c"
url = "https://github.com/typst/typst/releases/download/v0.15.1/typst-x86_64-unknown-linux-musl.tar.xz"
url_api = "https://api.github.com/repos/typst/typst/releases/assets/480300761"

[tools.typst."platforms.linux-x64-baseline"]
checksum = "sha256:a6d077d0a95eed5a2eba715b2dae06be954f624ccbf85758a03f389ded33118c"
url = "https://github.com/typst/typst/releases/download/v0.15.1/typst-x86_64-unknown-linux-musl.tar.xz"
url_api = "https://api.github.com/repos/typst/typst/releases/assets/480300761"

[tools.typst."platforms.linux-x64-musl"]
checksum = "sha256:a6d077d0a95eed5a2eba715b2dae06be954f624ccbf85758a03f389ded33118c"
url = "https://github.com/typst/typst/releases/download/v0.15.1/typst-x86_64-unknown-linux-musl.tar.xz"
url_api = "https://api.github.com/repos/typst/typst/releases/assets/480300761"

[tools.typst."platforms.linux-x64-musl-baseline"]
checksum = "sha256:a6d077d0a95eed5a2eba715b2dae06be954f624ccbf85758a03f389ded33118c"
url = "https://github.com/typst/typst/releases/download/v0.15.1/typst-x86_64-unknown-linux-musl.tar.xz"
url_api = "https://api.github.com/repos/typst/typst/releases/assets/480300761"

[tools.typst."platforms.macos-arm64"]
checksum = "sha256:48f62ed034aa3a7978309579ac6ca00045e2ef0da73114e8af27cfd8e74dc05a"
url = "https://github.com/typst/typst/releases/download/v0.15.1/typst-aarch64-apple-darwin.tar.xz"
url_api = "https://api.github.com/repos/typst/typst/releases/assets/480299147"

[tools.typst."platforms.macos-x64"]
checksum = "sha256:7f9fdd9584866245de9a79e0add8f9236fae6f40a8a45e2c4771ccc14db4e0fa"
url = "https://github.com/typst/typst/releases/download/v0.15.1/typst-x86_64-apple-darwin.tar.xz"
url_api = "https://api.github.com/repos/typst/typst/releases/assets/480300018"

[tools.typst."platforms.macos-x64-baseline"]
checksum = "sha256:7f9fdd9584866245de9a79e0add8f9236fae6f40a8a45e2c4771ccc14db4e0fa"
url = "https://github.com/typst/typst/releases/download/v0.15.1/typst-x86_64-apple-darwin.tar.xz"
url_api = "https://api.github.com/repos/typst/typst/releases/assets/480300018"

[tools.typst."platforms.windows-x64"]
checksum = "sha256:19ce3551153c2fe7ee9fa2f95208310c8f4d3209fedb699e0333faf8913f6736"
url = "https://github.com/typst/typst/releases/download/v0.15.1/typst-x86_64-pc-windows-msvc.zip"
url_api = "https://api.github.com/repos/typst/typst/releases/assets/480303335"

[tools.typst."platforms.windows-x64-baseline"]
checksum = "sha256:19ce3551153c2fe7ee9fa2f95208310c8f4d3209fedb699e0333faf8913f6736"
url = "https://github.com/typst/typst/releases/download/v0.15.1/typst-x86_64-pc-windows-msvc.zip"
url_api = "https://api.github.com/repos/typst/typst/releases/assets/480303335"

[[tools.vercel]]
version = "61.1.0"
backend = "npm:vercel"

[tools.vercel.options]
allow_builds = '["esbuild"]'
trust_policy_excludes = '["undici"]'

[[tools.yarn]]
version = "4.18.0"
backend = "npm:yarn"

[[tools.zig]]
version = "0.16.0"
backend = "core:zig"

[tools.zig."platforms.linux-arm64"]
checksum = "sha256:ea4b09bfb22ec6f6c6ceac57ab63efb6b46e17ab08d21f69f3a48b38e1534f17"
url = "https://ziglang.org/download/0.16.0/zig-aarch64-linux-0.16.0.tar.xz"

[tools.zig."platforms.linux-arm64-musl"]
checksum = "sha256:ea4b09bfb22ec6f6c6ceac57ab63efb6b46e17ab08d21f69f3a48b38e1534f17"
url = "https://ziglang.org/download/0.16.0/zig-aarch64-linux-0.16.0.tar.xz"

[tools.zig."platforms.linux-x64"]
checksum = "sha256:70e49664a74374b48b51e6f3fdfbf437f6395d42509050588bd49abe52ba3d00"
url = "https://ziglang.org/download/0.16.0/zig-x86_64-linux-0.16.0.tar.xz"

[tools.zig."platforms.linux-x64-baseline"]
checksum = "sha256:70e49664a74374b48b51e6f3fdfbf437f6395d42509050588bd49abe52ba3d00"
url = "https://ziglang.org/download/0.16.0/zig-x86_64-linux-0.16.0.tar.xz"

[tools.zig."platforms.linux-x64-musl"]
checksum = "sha256:70e49664a74374b48b51e6f3fdfbf437f6395d42509050588bd49abe52ba3d00"
url = "https://ziglang.org/download/0.16.0/zig-x86_64-linux-0.16.0.tar.xz"

[tools.zig."platforms.linux-x64-musl-baseline"]
checksum = "sha256:70e49664a74374b48b51e6f3fdfbf437f6395d42509050588bd49abe52ba3d00"
url = "https://ziglang.org/download/0.16.0/zig-x86_64-linux-0.16.0.tar.xz"

[tools.zig."platforms.macos-arm64"]
checksum = "sha256:b23d70deaa879b5c2d486ed3316f7eaa53e84acf6fc9cc747de152450d401489"
url = "https://ziglang.org/download/0.16.0/zig-aarch64-macos-0.16.0.tar.xz"

[tools.zig."platforms.macos-x64"]
checksum = "sha256:0387557ed1877bc6a2e1802c8391953baddba76081876301c522f52977b52ba7"
url = "https://ziglang.org/download/0.16.0/zig-x86_64-macos-0.16.0.tar.xz"

[tools.zig."platforms.macos-x64-baseline"]
checksum = "sha256:0387557ed1877bc6a2e1802c8391953baddba76081876301c522f52977b52ba7"
url = "https://ziglang.org/download/0.16.0/zig-x86_64-macos-0.16.0.tar.xz"

[tools.zig."platforms.windows-x64"]
checksum = "sha256:68659eb5f1e4eb1437a722f1dd889c5a322c9954607f5edcf337bc3684a75a7e"
url = "https://ziglang.org/download/0.16.0/zig-x86_64-windows-0.16.0.zip"

[tools.zig."platforms.windows-x64-baseline"]
checksum = "sha256:68659eb5f1e4eb1437a722f1dd889c5a322c9954607f5edcf337bc3684a75a7e"
url = "https://ziglang.org/download/0.16.0/zig-x86_64-windows-0.16.0.zip"
